
Microsoft Visual Studio Solution File, Format Version 12.00
# Visual Studio 15
VisualStudioVersion = 15.0.28307.421
MinimumVisualStudioVersion = 10.0.40219.1
Project("{FAE04EC0-301F-11D3-BF4B-00C04F79EFBC}") = "Snake", "Snake\Snake.csproj", "{0F0B04AF-04A6-4A46-A65A-CF3DF7D54A78}"
EndProject
Global
	GlobalSection(SolutionConfigurationPlatforms) = preSolution
		Debug|Any CPU = Debug|Any CPU
		Release|Any CPU = Release|Any CPU
	EndGlobalSection
	GlobalSection(ProjectConfigurationPlatforms) = postSolution
		{0F0B04AF-04A6-4A46-A65A-CF3DF7D54A78}.Debug|Any CPU.ActiveCfg = Debug|Any CPU
		{0F0B04AF-04A6-4A46-A65A-CF3DF7D54A78}.Debug|Any CPU.Build.0 = Debug|Any CPU
		{0F0B04AF-04A6-4A46-A65A-CF3DF7D54A78}.Release|Any CPU.ActiveCfg = Release|Any CPU
		{0F0B04AF-04A6-4A46-A65A-CF3DF7D54A78}.Release|Any CPU.Build.0 = Release|Any CPU
	EndGlobalSection
	GlobalSection(SolutionProperties) = preSolution
		HideSolutionNode = FALSE
	EndGlobalSection
	GlobalSection(ExtensibilityGlobals) = postSolution
		SolutionGuid = {683BBAED-E893-4820-8797-80DE58DECD39}
	EndGlobalSection
EndGlobal
